
Microsoft Visual Studio Solution File, Format Version 12.00
# Visual Studio 16
Project("{FAE04EC0-301F-11D3-BF4B-00C04F79EFBC}") = "Assembly-CSharp", "Assembly-CSharp.csproj", "{FB974FD0-EAD4-AF67-01CA-0903F9F57B65}"
EndProject
Global
	GlobalSection(SolutionConfigurationPlatforms) = preSolution
		Debug|Any CPU = Debug|Any CPU
		Release|Any CPU = Release|Any CPU
	EndGlobalSection
	GlobalSection(ProjectConfigurationPlatforms) = postSolution
		{FB974FD0-EAD4-AF67-01CA-0903F9F57B65}.Debug|Any CPU.ActiveCfg = Debug|Any CPU
		{FB974FD0-EAD4-AF67-01CA-0903F9F57B65}.Debug|Any CPU.Build.0 = Debug|Any CPU
		{FB974FD0-EAD4-AF67-01CA-0903F9F57B65}.Release|Any CPU.ActiveCfg = Release|Any CPU
		{FB974FD0-EAD4-AF67-01CA-0903F9F57B65}.Release|Any CPU.Build.0 = Release|Any CPU
	EndGlobalSection
	GlobalSection(SolutionProperties) = preSolution
		HideSolutionNode = FALSE
	EndGlobalSection
EndGlobal
